# THIS IS AN AUTOGENERATED FILE. DO NOT EDIT THIS FILE DIRECTLY.
# yarn lockfile v1


lix@^15.5.4:
  version "15.5.4"
  resolved "https://registry.yarnpkg.com/lix/-/lix-15.5.4.tgz#8bbcabb18ae98806b14698cfbdbdd820d25fd00b"
  integrity sha512-abOUxMKCcdoR5WUA8Sos5nE/AuXG02/aHkIwzZ7D3uckBcyvhgGOo0NLlMoZEHCLngtvvJ3QvS2KqQa/o+8Upg==
